
Microsoft Visual Studio Solution File, Format Version 12.00
# Visual Studio 15
VisualStudioVersion = 15.0.27004.2008
MinimumVisualStudioVersion = 10.0.40219.1
Project("{9A19103F-16F7-4668-BE54-9A1E7A4F7556}") = "TodoApi", "TodoApi\TodoApi.csproj", "{DF6F2FA1-9D79-4493-86C0-5B2AEA5EA43E}"
EndProject
Project("{9A19103F-16F7-4668-BE54-9A1E7A4F7556}") = "RazorPagesMovie", "RazorPagesMovie\RazorPagesMovie.csproj", "{C5622C8E-7CA0-42B5-92A0-28103E88F791}"
EndProject
Project("{9A19103F-16F7-4668-BE54-9A1E7A4F7556}") = "ConsoleApp", "ConsoleApp\ConsoleApp.csproj", "{24A62830-3BBB-48F0-9F2D-2143DA1A53FC}"
EndProject
Project("{9A19103F-16F7-4668-BE54-9A1E7A4F7556}") = "WebApp_Core", "WebApp_Core\WebApp_Core.csproj", "{33347C81-C11B-46FE-894B-D6B52F81F66B}"
EndProject
Project("{9A19103F-16F7-4668-BE54-9A1E7A4F7556}") = "WepApp_Demo", "WepApp_Demo\WepApp_Demo.csproj", "{4E9B24B9-E106-42E7-BA54-DA52B159FCF8}"
EndProject
Project("{9A19103F-16F7-4668-BE54-9A1E7A4F7556}") = "DataAccess_Demo", "DataAccess_Demo\DataAccess_Demo.csproj", "{46345EB9-7D93-4693-B97A-9B9225A1AE1C}"
EndProject
Project("{FAE04EC0-301F-11D3-BF4B-00C04F79EFBC}") = "AccountCore", "AccountCore\AccountCore.csproj", "{CDF84BBB-3ECC-41FD-B43D-A253D02F4EB6}"
EndProject
Global
	GlobalSection(SolutionConfigurationPlatforms) = preSolution
		Debug|Any CPU = Debug|Any CPU
		Release|Any CPU = Release|Any CPU
	EndGlobalSection
	GlobalSection(ProjectConfigurationPlatforms) = postSolution
		{DF6F2FA1-9D79-4493-86C0-5B2AEA5EA43E}.Debug|Any CPU.ActiveCfg = Debug|Any CPU
		{DF6F2FA1-9D79-4493-86C0-5B2AEA5EA43E}.Debug|Any CPU.Build.0 = Debug|Any CPU
		{DF6F2FA1-9D79-4493-86C0-5B2AEA5EA43E}.Release|Any CPU.ActiveCfg = Release|Any CPU
		{DF6F2FA1-9D79-4493-86C0-5B2AEA5EA43E}.Release|Any CPU.Build.0 = Release|Any CPU
		{C5622C8E-7CA0-42B5-92A0-28103E88F791}.Debug|Any CPU.ActiveCfg = Debug|Any CPU
		{C5622C8E-7CA0-42B5-92A0-28103E88F791}.Debug|Any CPU.Build.0 = Debug|Any CPU
		{C5622C8E-7CA0-42B5-92A0-28103E88F791}.Release|Any CPU.ActiveCfg = Release|Any CPU
		{C5622C8E-7CA0-42B5-92A0-28103E88F791}.Release|Any CPU.Build.0 = Release|Any CPU
		{24A62830-3BBB-48F0-9F2D-2143DA1A53FC}.Debug|Any CPU.ActiveCfg = Debug|Any CPU
		{24A62830-3BBB-48F0-9F2D-2143DA1A53FC}.Debug|Any CPU.Build.0 = Debug|Any CPU
		{24A62830-3BBB-48F0-9F2D-2143DA1A53FC}.Release|Any CPU.ActiveCfg = Release|Any CPU
		{24A62830-3BBB-48F0-9F2D-2143DA1A53FC}.Release|Any CPU.Build.0 = Release|Any CPU
		{33347C81-C11B-46FE-894B-D6B52F81F66B}.Debug|Any CPU.ActiveCfg = Debug|Any CPU
		{33347C81-C11B-46FE-894B-D6B52F81F66B}.Debug|Any CPU.Build.0 = Debug|Any CPU
		{33347C81-C11B-46FE-894B-D6B52F81F66B}.Release|Any CPU.ActiveCfg = Release|Any CPU
		{33347C81-C11B-46FE-894B-D6B52F81F66B}.Release|Any CPU.Build.0 = Release|Any CPU
		{4E9B24B9-E106-42E7-BA54-DA52B159FCF8}.Debug|Any CPU.ActiveCfg = Debug|Any CPU
		{4E9B24B9-E106-42E7-BA54-DA52B159FCF8}.Debug|Any CPU.Build.0 = Debug|Any CPU
		{4E9B24B9-E106-42E7-BA54-DA52B159FCF8}.Release|Any CPU.ActiveCfg = Release|Any CPU
		{4E9B24B9-E106-42E7-BA54-DA52B159FCF8}.Release|Any CPU.Build.0 = Release|Any CPU
		{46345EB9-7D93-4693-B97A-9B9225A1AE1C}.Debug|Any CPU.ActiveCfg = Debug|Any CPU
		{46345EB9-7D93-4693-B97A-9B9225A1AE1C}.Debug|Any CPU.Build.0 = Debug|Any CPU
		{46345EB9-7D93-4693-B97A-9B9225A1AE1C}.Release|Any CPU.ActiveCfg = Release|Any CPU
		{46345EB9-7D93-4693-B97A-9B9225A1AE1C}.Release|Any CPU.Build.0 = Release|Any CPU
		{CDF84BBB-3ECC-41FD-B43D-A253D02F4EB6}.Debug|Any CPU.ActiveCfg = Debug|Any CPU
		{CDF84BBB-3ECC-41FD-B43D-A253D02F4EB6}.Debug|Any CPU.Build.0 = Debug|Any CPU
		{CDF84BBB-3ECC-41FD-B43D-A253D02F4EB6}.Release|Any CPU.ActiveCfg = Release|Any CPU
		{CDF84BBB-3ECC-41FD-B43D-A253D02F4EB6}.Release|Any CPU.Build.0 = Release|Any CPU
	EndGlobalSection
	GlobalSection(SolutionProperties) = preSolution
		HideSolutionNode = FALSE
	EndGlobalSection
	GlobalSection(ExtensibilityGlobals) = postSolution
		SolutionGuid = {C5142B42-E526-4196-A7F5-005C13BBDA52}
	EndGlobalSection
EndGlobal
